
Microsoft Visual Studio Solution File, Format Version 12.00
# Visual Studio Version 16
VisualStudioVersion = 16.0.29403.142
MinimumVisualStudioVersion = 10.0.40219.1
Project("{FAE04EC0-301F-11D3-BF4B-00C04F79EFBC}") = "Task_2_WatchWithTimer", "Task_2_WatchWithTimer.csproj", "{DD6C8CBA-73FE-4CB7-833D-808558737FD1}"
EndProject
Global
	GlobalSection(SolutionConfigurationPlatforms) = preSolution
		Debug|Any CPU = Debug|Any CPU
		Release|Any CPU = Release|Any CPU
	EndGlobalSection
	GlobalSection(ProjectConfigurationPlatforms) = postSolution
		{DD6C8CBA-73FE-4CB7-833D-808558737FD1}.Debug|Any CPU.ActiveCfg = Debug|Any CPU
		{DD6C8CBA-73FE-4CB7-833D-808558737FD1}.Debug|Any CPU.Build.0 = Debug|Any CPU
		{DD6C8CBA-73FE-4CB7-833D-808558737FD1}.Release|Any CPU.ActiveCfg = Release|Any CPU
		{DD6C8CBA-73FE-4CB7-833D-808558737FD1}.Release|Any CPU.Build.0 = Release|Any CPU
	EndGlobalSection
	GlobalSection(SolutionProperties) = preSolution
		HideSolutionNode = FALSE
	EndGlobalSection
	GlobalSection(ExtensibilityGlobals) = postSolution
		SolutionGuid = {FDB8CFB2-B409-41D3-AAC0-E7AD6D3F13DC}
	EndGlobalSection
EndGlobal
