
Microsoft Visual Studio Solution File, Format Version 12.00
# Visual Studio Version 16
VisualStudioVersion = 16.0.29403.142
MinimumVisualStudioVersion = 10.0.40219.1
Project("{FAE04EC0-301F-11D3-BF4B-00C04F79EFBC}") = "Task_2_GeneralizedMatrixClasses", "Task_2_GeneralizedMatrixClasses.csproj", "{BAEF647C-8670-4865-A086-FD92AE1F869B}"
EndProject
Project("{FAE04EC0-301F-11D3-BF4B-00C04F79EFBC}") = "Task_2_GeneralizedMatrixClasses.Tests", "..\Task_2_GeneralizedMatrixClasses.Tests\Task_2_GeneralizedMatrixClasses.Tests.csproj", "{90B8CDDD-CCD9-4625-A3B2-B58982A7D438}"
EndProject
Global
	GlobalSection(SolutionConfigurationPlatforms) = preSolution
		Debug|Any CPU = Debug|Any CPU
		Release|Any CPU = Release|Any CPU
	EndGlobalSection
	GlobalSection(ProjectConfigurationPlatforms) = postSolution
		{BAEF647C-8670-4865-A086-FD92AE1F869B}.Debug|Any CPU.ActiveCfg = Debug|Any CPU
		{BAEF647C-8670-4865-A086-FD92AE1F869B}.Debug|Any CPU.Build.0 = Debug|Any CPU
		{BAEF647C-8670-4865-A086-FD92AE1F869B}.Release|Any CPU.ActiveCfg = Release|Any CPU
		{BAEF647C-8670-4865-A086-FD92AE1F869B}.Release|Any CPU.Build.0 = Release|Any CPU
		{90B8CDDD-CCD9-4625-A3B2-B58982A7D438}.Debug|Any CPU.ActiveCfg = Debug|Any CPU
		{90B8CDDD-CCD9-4625-A3B2-B58982A7D438}.Debug|Any CPU.Build.0 = Debug|Any CPU
		{90B8CDDD-CCD9-4625-A3B2-B58982A7D438}.Release|Any CPU.ActiveCfg = Release|Any CPU
		{90B8CDDD-CCD9-4625-A3B2-B58982A7D438}.Release|Any CPU.Build.0 = Release|Any CPU
	EndGlobalSection
	GlobalSection(SolutionProperties) = preSolution
		HideSolutionNode = FALSE
	EndGlobalSection
	GlobalSection(ExtensibilityGlobals) = postSolution
		SolutionGuid = {22E1948B-9D94-4CA8-A9EA-A03AA87C0DDF}
	EndGlobalSection
EndGlobal
