
Microsoft Visual Studio Solution File, Format Version 12.00
# Visual Studio Version 16
VisualStudioVersion = 16.0.29403.142
MinimumVisualStudioVersion = 10.0.40219.1
Project("{FAE04EC0-301F-11D3-BF4B-00C04F79EFBC}") = "Task_2_DoubleToBinaryConvert", "Task_2_DoubleToBinaryConvert.csproj", "{FEB921B1-5535-454B-B7ED-E243CABA985A}"
EndProject
Project("{FAE04EC0-301F-11D3-BF4B-00C04F79EFBC}") = "Task_2_DoubleToBinaryConvert.Tests", "..\Task_2_DoubleToBinaryConvert.Tests\Task_2_DoubleToBinaryConvert.Tests.csproj", "{BF05BAA3-55C6-43C8-AC6D-76E2672C4856}"
EndProject
Global
	GlobalSection(SolutionConfigurationPlatforms) = preSolution
		Debug|Any CPU = Debug|Any CPU
		Release|Any CPU = Release|Any CPU
	EndGlobalSection
	GlobalSection(ProjectConfigurationPlatforms) = postSolution
		{FEB921B1-5535-454B-B7ED-E243CABA985A}.Debug|Any CPU.ActiveCfg = Debug|Any CPU
		{FEB921B1-5535-454B-B7ED-E243CABA985A}.Debug|Any CPU.Build.0 = Debug|Any CPU
		{FEB921B1-5535-454B-B7ED-E243CABA985A}.Release|Any CPU.ActiveCfg = Release|Any CPU
		{FEB921B1-5535-454B-B7ED-E243CABA985A}.Release|Any CPU.Build.0 = Release|Any CPU
		{BF05BAA3-55C6-43C8-AC6D-76E2672C4856}.Debug|Any CPU.ActiveCfg = Debug|Any CPU
		{BF05BAA3-55C6-43C8-AC6D-76E2672C4856}.Debug|Any CPU.Build.0 = Debug|Any CPU
		{BF05BAA3-55C6-43C8-AC6D-76E2672C4856}.Release|Any CPU.ActiveCfg = Release|Any CPU
		{BF05BAA3-55C6-43C8-AC6D-76E2672C4856}.Release|Any CPU.Build.0 = Release|Any CPU
	EndGlobalSection
	GlobalSection(SolutionProperties) = preSolution
		HideSolutionNode = FALSE
	EndGlobalSection
	GlobalSection(ExtensibilityGlobals) = postSolution
		SolutionGuid = {AB2FB129-A7DF-4D05-A25B-67D91CBBE89D}
	EndGlobalSection
EndGlobal
