
Microsoft Visual Studio Solution File, Format Version 12.00
# Visual Studio Version 16
VisualStudioVersion = 16.0.29403.142
MinimumVisualStudioVersion = 10.0.40219.1
Project("{9A19103F-16F7-4668-BE54-9A1E7A4F7556}") = "Task_1_InsertNumber", "Task_1_InsertNumber.csproj", "{12B8F85C-E561-49F8-AC37-1429DFB5276A}"
EndProject
Project("{FAE04EC0-301F-11D3-BF4B-00C04F79EFBC}") = "MSUnitTest_Task_1_InsertNumber", "..\MSUnitTest_Task_1_InsertNumber\MSUnitTest_Task_1_InsertNumber.csproj", "{20D486F1-2D83-4996-A62E-48D68033C06A}"
EndProject
Project("{FAE04EC0-301F-11D3-BF4B-00C04F79EFBC}") = "NUnitTest_Task_1_InsertNumber", "..\NUnitTest_Task_1_InsertNumber\NUnitTest_Task_1_InsertNumber.csproj", "{7B6286D4-5215-4381-A2DF-B5EF84D27D19}"
EndProject
Global
	GlobalSection(SolutionConfigurationPlatforms) = preSolution
		Debug|Any CPU = Debug|Any CPU
		Release|Any CPU = Release|Any CPU
	EndGlobalSection
	GlobalSection(ProjectConfigurationPlatforms) = postSolution
		{12B8F85C-E561-49F8-AC37-1429DFB5276A}.Debug|Any CPU.ActiveCfg = Debug|Any CPU
		{12B8F85C-E561-49F8-AC37-1429DFB5276A}.Debug|Any CPU.Build.0 = Debug|Any CPU
		{12B8F85C-E561-49F8-AC37-1429DFB5276A}.Release|Any CPU.ActiveCfg = Release|Any CPU
		{12B8F85C-E561-49F8-AC37-1429DFB5276A}.Release|Any CPU.Build.0 = Release|Any CPU
		{20D486F1-2D83-4996-A62E-48D68033C06A}.Debug|Any CPU.ActiveCfg = Debug|Any CPU
		{20D486F1-2D83-4996-A62E-48D68033C06A}.Debug|Any CPU.Build.0 = Debug|Any CPU
		{20D486F1-2D83-4996-A62E-48D68033C06A}.Release|Any CPU.ActiveCfg = Release|Any CPU
		{20D486F1-2D83-4996-A62E-48D68033C06A}.Release|Any CPU.Build.0 = Release|Any CPU
		{7B6286D4-5215-4381-A2DF-B5EF84D27D19}.Debug|Any CPU.ActiveCfg = Debug|Any CPU
		{7B6286D4-5215-4381-A2DF-B5EF84D27D19}.Debug|Any CPU.Build.0 = Debug|Any CPU
		{7B6286D4-5215-4381-A2DF-B5EF84D27D19}.Release|Any CPU.ActiveCfg = Release|Any CPU
		{7B6286D4-5215-4381-A2DF-B5EF84D27D19}.Release|Any CPU.Build.0 = Release|Any CPU
	EndGlobalSection
	GlobalSection(SolutionProperties) = preSolution
		HideSolutionNode = FALSE
	EndGlobalSection
	GlobalSection(ExtensibilityGlobals) = postSolution
		SolutionGuid = {213173FB-27AC-4D0D-840C-5A2DF2042883}
	EndGlobalSection
EndGlobal
