
Microsoft Visual Studio Solution File, Format Version 12.00
# Visual Studio Version 16
VisualStudioVersion = 16.0.29403.142
MinimumVisualStudioVersion = 10.0.40219.1
Project("{9A19103F-16F7-4668-BE54-9A1E7A4F7556}") = "Task_1_Book_Correction", "Task_1_Book_Correction.csproj", "{5F3EDAB7-4C5E-4012-918C-FF5AB6C1373F}"
EndProject
Project("{FAE04EC0-301F-11D3-BF4B-00C04F79EFBC}") = "Task_1_Book_Correction.Tests", "..\Task_1_Book_Correction.Tests\Task_1_Book_Correction.Tests.csproj", "{39551F70-3FDF-4827-BF1F-377753164FF1}"
EndProject
Global
	GlobalSection(SolutionConfigurationPlatforms) = preSolution
		Debug|Any CPU = Debug|Any CPU
		Release|Any CPU = Release|Any CPU
	EndGlobalSection
	GlobalSection(ProjectConfigurationPlatforms) = postSolution
		{5F3EDAB7-4C5E-4012-918C-FF5AB6C1373F}.Debug|Any CPU.ActiveCfg = Debug|Any CPU
		{5F3EDAB7-4C5E-4012-918C-FF5AB6C1373F}.Debug|Any CPU.Build.0 = Debug|Any CPU
		{5F3EDAB7-4C5E-4012-918C-FF5AB6C1373F}.Release|Any CPU.ActiveCfg = Release|Any CPU
		{5F3EDAB7-4C5E-4012-918C-FF5AB6C1373F}.Release|Any CPU.Build.0 = Release|Any CPU
		{39551F70-3FDF-4827-BF1F-377753164FF1}.Debug|Any CPU.ActiveCfg = Debug|Any CPU
		{39551F70-3FDF-4827-BF1F-377753164FF1}.Debug|Any CPU.Build.0 = Debug|Any CPU
		{39551F70-3FDF-4827-BF1F-377753164FF1}.Release|Any CPU.ActiveCfg = Release|Any CPU
		{39551F70-3FDF-4827-BF1F-377753164FF1}.Release|Any CPU.Build.0 = Release|Any CPU
	EndGlobalSection
	GlobalSection(SolutionProperties) = preSolution
		HideSolutionNode = FALSE
	EndGlobalSection
	GlobalSection(ExtensibilityGlobals) = postSolution
		SolutionGuid = {C4C65D73-E229-4EAF-82AF-A826AD746DD7}
	EndGlobalSection
EndGlobal
