
Microsoft Visual Studio Solution File, Format Version 12.00
# Visual Studio Version 16
VisualStudioVersion = 16.0.29403.142
MinimumVisualStudioVersion = 10.0.40219.1
Project("{FAE04EC0-301F-11D3-BF4B-00C04F79EFBC}") = "Task_2_BubbleSortingOfANonRectangularIntegerArray", "Task_2_BubbleSortingOfANonRectangularIntegerArray.csproj", "{31120FD2-8E34-4F01-ACB4-9D1C0005FB4B}"
EndProject
Project("{FAE04EC0-301F-11D3-BF4B-00C04F79EFBC}") = "Task_2_BubbleSortingOfANonRectangularIntegerArray.Tests", "..\Task_2_BubbleSortingOfANonRectangularIntegerArray.Tests\Task_2_BubbleSortingOfANonRectangularIntegerArray.Tests.csproj", "{C47D334C-BAB5-4AF5-A4D2-819139CAEC4E}"
EndProject
Global
	GlobalSection(SolutionConfigurationPlatforms) = preSolution
		Debug|Any CPU = Debug|Any CPU
		Release|Any CPU = Release|Any CPU
	EndGlobalSection
	GlobalSection(ProjectConfigurationPlatforms) = postSolution
		{31120FD2-8E34-4F01-ACB4-9D1C0005FB4B}.Debug|Any CPU.ActiveCfg = Debug|Any CPU
		{31120FD2-8E34-4F01-ACB4-9D1C0005FB4B}.Debug|Any CPU.Build.0 = Debug|Any CPU
		{31120FD2-8E34-4F01-ACB4-9D1C0005FB4B}.Release|Any CPU.ActiveCfg = Release|Any CPU
		{31120FD2-8E34-4F01-ACB4-9D1C0005FB4B}.Release|Any CPU.Build.0 = Release|Any CPU
		{C47D334C-BAB5-4AF5-A4D2-819139CAEC4E}.Debug|Any CPU.ActiveCfg = Debug|Any CPU
		{C47D334C-BAB5-4AF5-A4D2-819139CAEC4E}.Debug|Any CPU.Build.0 = Debug|Any CPU
		{C47D334C-BAB5-4AF5-A4D2-819139CAEC4E}.Release|Any CPU.ActiveCfg = Release|Any CPU
		{C47D334C-BAB5-4AF5-A4D2-819139CAEC4E}.Release|Any CPU.Build.0 = Release|Any CPU
	EndGlobalSection
	GlobalSection(SolutionProperties) = preSolution
		HideSolutionNode = FALSE
	EndGlobalSection
	GlobalSection(ExtensibilityGlobals) = postSolution
		SolutionGuid = {7D00C83B-4623-4328-B901-8A7C1749AF54}
	EndGlobalSection
EndGlobal
