
Microsoft Visual Studio Solution File, Format Version 12.00
# Visual Studio Version 16
VisualStudioVersion = 16.0.29403.142
MinimumVisualStudioVersion = 10.0.40219.1
Project("{9A19103F-16F7-4668-BE54-9A1E7A4F7556}") = "Task_3_FilterDigit", "Task_3_FilterDigit.csproj", "{72502141-07DB-42D3-B276-65AA46A24F26}"
EndProject
Project("{FAE04EC0-301F-11D3-BF4B-00C04F79EFBC}") = "MSUnitTestTask_3_FilterDigit", "..\MSUnitTestTask_3_FilterDigit\MSUnitTestTask_3_FilterDigit.csproj", "{24FE462B-814F-4BE7-86A7-5A4E4AE5701C}"
EndProject
Project("{FAE04EC0-301F-11D3-BF4B-00C04F79EFBC}") = "NUnitTestTask_3_FilterDigit", "..\NUnitTestTask_3_FilterDigit\NUnitTestTask_3_FilterDigit.csproj", "{7ACBD9FC-28B3-4175-93A9-B3590164D9B5}"
EndProject
Global
	GlobalSection(SolutionConfigurationPlatforms) = preSolution
		Debug|Any CPU = Debug|Any CPU
		Release|Any CPU = Release|Any CPU
	EndGlobalSection
	GlobalSection(ProjectConfigurationPlatforms) = postSolution
		{72502141-07DB-42D3-B276-65AA46A24F26}.Debug|Any CPU.ActiveCfg = Debug|Any CPU
		{72502141-07DB-42D3-B276-65AA46A24F26}.Debug|Any CPU.Build.0 = Debug|Any CPU
		{72502141-07DB-42D3-B276-65AA46A24F26}.Release|Any CPU.ActiveCfg = Release|Any CPU
		{72502141-07DB-42D3-B276-65AA46A24F26}.Release|Any CPU.Build.0 = Release|Any CPU
		{24FE462B-814F-4BE7-86A7-5A4E4AE5701C}.Debug|Any CPU.ActiveCfg = Debug|Any CPU
		{24FE462B-814F-4BE7-86A7-5A4E4AE5701C}.Debug|Any CPU.Build.0 = Debug|Any CPU
		{24FE462B-814F-4BE7-86A7-5A4E4AE5701C}.Release|Any CPU.ActiveCfg = Release|Any CPU
		{24FE462B-814F-4BE7-86A7-5A4E4AE5701C}.Release|Any CPU.Build.0 = Release|Any CPU
		{7ACBD9FC-28B3-4175-93A9-B3590164D9B5}.Debug|Any CPU.ActiveCfg = Debug|Any CPU
		{7ACBD9FC-28B3-4175-93A9-B3590164D9B5}.Debug|Any CPU.Build.0 = Debug|Any CPU
		{7ACBD9FC-28B3-4175-93A9-B3590164D9B5}.Release|Any CPU.ActiveCfg = Release|Any CPU
		{7ACBD9FC-28B3-4175-93A9-B3590164D9B5}.Release|Any CPU.Build.0 = Release|Any CPU
	EndGlobalSection
	GlobalSection(SolutionProperties) = preSolution
		HideSolutionNode = FALSE
	EndGlobalSection
	GlobalSection(ExtensibilityGlobals) = postSolution
		SolutionGuid = {6C601901-CA45-4575-810E-AC810EA8019D}
	EndGlobalSection
EndGlobal
