
Microsoft Visual Studio Solution File, Format Version 12.00
# Visual Studio Version 16
VisualStudioVersion = 16.0.29403.142
MinimumVisualStudioVersion = 10.0.40219.1
Project("{FAE04EC0-301F-11D3-BF4B-00C04F79EFBC}") = "Task_2_BankScore", "Task_2_BankScore.csproj", "{0EA69C28-E1C4-4DEC-9F6E-0314C079070D}"
EndProject
Global
	GlobalSection(SolutionConfigurationPlatforms) = preSolution
		Debug|Any CPU = Debug|Any CPU
		Release|Any CPU = Release|Any CPU
	EndGlobalSection
	GlobalSection(ProjectConfigurationPlatforms) = postSolution
		{0EA69C28-E1C4-4DEC-9F6E-0314C079070D}.Debug|Any CPU.ActiveCfg = Debug|Any CPU
		{0EA69C28-E1C4-4DEC-9F6E-0314C079070D}.Debug|Any CPU.Build.0 = Debug|Any CPU
		{0EA69C28-E1C4-4DEC-9F6E-0314C079070D}.Release|Any CPU.ActiveCfg = Release|Any CPU
		{0EA69C28-E1C4-4DEC-9F6E-0314C079070D}.Release|Any CPU.Build.0 = Release|Any CPU
	EndGlobalSection
	GlobalSection(SolutionProperties) = preSolution
		HideSolutionNode = FALSE
	EndGlobalSection
	GlobalSection(ExtensibilityGlobals) = postSolution
		SolutionGuid = {6382A379-22D2-408D-BC10-CF6A7DCA9936}
	EndGlobalSection
EndGlobal
